{
  "requires": true,
  "lockfileVersion": 1,
  "dependencies": {
    "set-dom": {
      "version": "7.5.2",
      "resolved": "https://registry.npmjs.org/set-dom/-/set-dom-7.5.2.tgz",
      "integrity": "sha512-IJFPF+cuS5aIfJsCnOmIWnBcuGXsgPFXNkmzmGelxwFUbJN/HFoVzfeseViK0NxGkpdYkInaM/fsnMg1dyyUNQ=="
    }
  }
}
